
Microsoft Visual Studio Solution File, Format Version 12.00
# Visual Studio Version 17
VisualStudioVersion = 17.5.33414.496
MinimumVisualStudioVersion = 10.0.40219.1
Project("{FAE04EC0-301F-11D3-BF4B-00C04F79EFBC}") = "SetMainFormFont", "SetMainFormFont.csproj", "{B07E78BC-D0E2-4BB2-BAF1-DCC8EAE1A22D}"
EndProject
Global
	GlobalSection(SolutionConfigurationPlatforms) = preSolution
		Debug|Any CPU = Debug|Any CPU
		Release|Any CPU = Release|Any CPU
	EndGlobalSection
	GlobalSection(ProjectConfigurationPlatforms) = postSolution
		{B07E78BC-D0E2-4BB2-BAF1-DCC8EAE1A22D}.Debug|Any CPU.ActiveCfg = Debug|Any CPU
		{B07E78BC-D0E2-4BB2-BAF1-DCC8EAE1A22D}.Debug|Any CPU.Build.0 = Debug|Any CPU
		{B07E78BC-D0E2-4BB2-BAF1-DCC8EAE1A22D}.Release|Any CPU.ActiveCfg = Release|Any CPU
		{B07E78BC-D0E2-4BB2-BAF1-DCC8EAE1A22D}.Release|Any CPU.Build.0 = Release|Any CPU
	EndGlobalSection
	GlobalSection(SolutionProperties) = preSolution
		HideSolutionNode = FALSE
	EndGlobalSection
	GlobalSection(ExtensibilityGlobals) = postSolution
		SolutionGuid = {FDB79F8F-762B-4869-8464-1C8615F591ED}
	EndGlobalSection
EndGlobal
