
Microsoft Visual Studio Solution File, Format Version 12.00
# Visual Studio Version 17
VisualStudioVersion = 17.5.33414.496
MinimumVisualStudioVersion = 10.0.40219.1
Project("{FAE04EC0-301F-11D3-BF4B-00C04F79EFBC}") = "ReferenceGridFormWorkSpaceEditor", "ReferenceGridFormWorkSpaceEditor.csproj", "{B6961D86-3FDF-45B7-AF31-7652B319FEC7}"
EndProject
Global
	GlobalSection(SolutionConfigurationPlatforms) = preSolution
		Debug|Any CPU = Debug|Any CPU
		Release|Any CPU = Release|Any CPU
	EndGlobalSection
	GlobalSection(ProjectConfigurationPlatforms) = postSolution
		{B6961D86-3FDF-45B7-AF31-7652B319FEC7}.Debug|Any CPU.ActiveCfg = Debug|Any CPU
		{B6961D86-3FDF-45B7-AF31-7652B319FEC7}.Debug|Any CPU.Build.0 = Debug|Any CPU
		{B6961D86-3FDF-45B7-AF31-7652B319FEC7}.Release|Any CPU.ActiveCfg = Release|Any CPU
		{B6961D86-3FDF-45B7-AF31-7652B319FEC7}.Release|Any CPU.Build.0 = Release|Any CPU
	EndGlobalSection
	GlobalSection(SolutionProperties) = preSolution
		HideSolutionNode = FALSE
	EndGlobalSection
	GlobalSection(ExtensibilityGlobals) = postSolution
		SolutionGuid = {3DE9CAA3-4D67-4A71-9D11-D69C03BAF2C4}
	EndGlobalSection
EndGlobal
