
Microsoft Visual Studio Solution File, Format Version 12.00
# Visual Studio Version 16
VisualStudioVersion = 16.0.29215.179
MinimumVisualStudioVersion = 10.0.40219.1
Project("{FAE04EC0-301F-11D3-BF4B-00C04F79EFBC}") = "PDFThumbnailAddon", "PDFThumbnailAddon\PDFThumbnail.csproj", "{A96F1086-6339-4FB3-B6B7-30E4BD33F314}"
EndProject
Global
	GlobalSection(SolutionConfigurationPlatforms) = preSolution
		Debug|Any CPU = Debug|Any CPU
		Release|Any CPU = Release|Any CPU
	EndGlobalSection
	GlobalSection(ProjectConfigurationPlatforms) = postSolution
		{A96F1086-6339-4FB3-B6B7-30E4BD33F314}.Debug|Any CPU.ActiveCfg = Debug|Any CPU
		{A96F1086-6339-4FB3-B6B7-30E4BD33F314}.Debug|Any CPU.Build.0 = Debug|Any CPU
		{A96F1086-6339-4FB3-B6B7-30E4BD33F314}.Release|Any CPU.ActiveCfg = Release|Any CPU
		{A96F1086-6339-4FB3-B6B7-30E4BD33F314}.Release|Any CPU.Build.0 = Release|Any CPU
	EndGlobalSection
	GlobalSection(SolutionProperties) = preSolution
		HideSolutionNode = FALSE
	EndGlobalSection
	GlobalSection(ExtensibilityGlobals) = postSolution
		SolutionGuid = {6CC5B7AA-2097-41F3-9FD8-71652A177452}
	EndGlobalSection
EndGlobal
