
Microsoft Visual Studio Solution File, Format Version 12.00
# Visual Studio Version 17
VisualStudioVersion = 17.5.33414.496
MinimumVisualStudioVersion = 10.0.40219.1
Project("{FAE04EC0-301F-11D3-BF4B-00C04F79EFBC}") = "SwitchToMainWindow", "SwitchToMainWindow.csproj", "{79FD9778-9B09-4478-983C-EF57C3144F75}"
EndProject
Global
	GlobalSection(SolutionConfigurationPlatforms) = preSolution
		Debug|Any CPU = Debug|Any CPU
		Release|Any CPU = Release|Any CPU
	EndGlobalSection
	GlobalSection(ProjectConfigurationPlatforms) = postSolution
		{79FD9778-9B09-4478-983C-EF57C3144F75}.Debug|Any CPU.ActiveCfg = Debug|Any CPU
		{79FD9778-9B09-4478-983C-EF57C3144F75}.Debug|Any CPU.Build.0 = Debug|Any CPU
		{79FD9778-9B09-4478-983C-EF57C3144F75}.Release|Any CPU.ActiveCfg = Release|Any CPU
		{79FD9778-9B09-4478-983C-EF57C3144F75}.Release|Any CPU.Build.0 = Release|Any CPU
	EndGlobalSection
	GlobalSection(SolutionProperties) = preSolution
		HideSolutionNode = FALSE
	EndGlobalSection
	GlobalSection(ExtensibilityGlobals) = postSolution
		SolutionGuid = {2288199F-1063-451F-941E-86AF179AFD29}
	EndGlobalSection
EndGlobal
