
Microsoft Visual Studio Solution File, Format Version 12.00
# Visual Studio Version 17
VisualStudioVersion = 17.5.33414.496
MinimumVisualStudioVersion = 10.0.40219.1
Project("{FAE04EC0-301F-11D3-BF4B-00C04F79EFBC}") = "ScrollSpeedInPdfPreview", "ScrollSpeedInPdfPreview.csproj", "{D7492423-6276-451B-94E3-C5FEAD3D782B}"
EndProject
Global
	GlobalSection(SolutionConfigurationPlatforms) = preSolution
		Debug|Any CPU = Debug|Any CPU
		Release|Any CPU = Release|Any CPU
	EndGlobalSection
	GlobalSection(ProjectConfigurationPlatforms) = postSolution
		{D7492423-6276-451B-94E3-C5FEAD3D782B}.Debug|Any CPU.ActiveCfg = Debug|Any CPU
		{D7492423-6276-451B-94E3-C5FEAD3D782B}.Debug|Any CPU.Build.0 = Debug|Any CPU
		{D7492423-6276-451B-94E3-C5FEAD3D782B}.Release|Any CPU.ActiveCfg = Release|Any CPU
		{D7492423-6276-451B-94E3-C5FEAD3D782B}.Release|Any CPU.Build.0 = Release|Any CPU
	EndGlobalSection
	GlobalSection(SolutionProperties) = preSolution
		HideSolutionNode = FALSE
	EndGlobalSection
	GlobalSection(ExtensibilityGlobals) = postSolution
		SolutionGuid = {A44E61C8-AF7A-4D49-9720-39FBF4F07844}
	EndGlobalSection
EndGlobal
