
Microsoft Visual Studio Solution File, Format Version 12.00
# Visual Studio Version 17
VisualStudioVersion = 17.9.34607.119
MinimumVisualStudioVersion = 10.0.40219.1
Project("{FAE04EC0-301F-11D3-BF4B-00C04F79EFBC}") = "MacroManager", "MacroManager.csproj", "{86B6AD57-4F65-4061-B663-1FFA3828DDBB}"
EndProject
Global
	GlobalSection(SolutionConfigurationPlatforms) = preSolution
		Debug|Any CPU = Debug|Any CPU
		Release|Any CPU = Release|Any CPU
	EndGlobalSection
	GlobalSection(ProjectConfigurationPlatforms) = postSolution
		{86B6AD57-4F65-4061-B663-1FFA3828DDBB}.Debug|Any CPU.ActiveCfg = Debug|Any CPU
		{86B6AD57-4F65-4061-B663-1FFA3828DDBB}.Debug|Any CPU.Build.0 = Debug|Any CPU
		{86B6AD57-4F65-4061-B663-1FFA3828DDBB}.Release|Any CPU.ActiveCfg = Release|Any CPU
		{86B6AD57-4F65-4061-B663-1FFA3828DDBB}.Release|Any CPU.Build.0 = Release|Any CPU
	EndGlobalSection
	GlobalSection(SolutionProperties) = preSolution
		HideSolutionNode = FALSE
	EndGlobalSection
	GlobalSection(ExtensibilityGlobals) = postSolution
		SolutionGuid = {F290E207-24D3-4C6C-805C-983B0DBD5C2F}
	EndGlobalSection
EndGlobal
