
Microsoft Visual Studio Solution File, Format Version 12.00
# Visual Studio Version 17
VisualStudioVersion = 17.5.33414.496
MinimumVisualStudioVersion = 10.0.40219.1
Project("{FAE04EC0-301F-11D3-BF4B-00C04F79EFBC}") = "ShowReferenceFromSearchForm", "ShowReferenceFromSearchForm.csproj", "{C7CEED9B-0C95-410A-BD87-4D47FE4EEE6E}"
EndProject
Global
	GlobalSection(SolutionConfigurationPlatforms) = preSolution
		Debug|Any CPU = Debug|Any CPU
		Release|Any CPU = Release|Any CPU
	EndGlobalSection
	GlobalSection(ProjectConfigurationPlatforms) = postSolution
		{C7CEED9B-0C95-410A-BD87-4D47FE4EEE6E}.Debug|Any CPU.ActiveCfg = Debug|Any CPU
		{C7CEED9B-0C95-410A-BD87-4D47FE4EEE6E}.Debug|Any CPU.Build.0 = Debug|Any CPU
		{C7CEED9B-0C95-410A-BD87-4D47FE4EEE6E}.Release|Any CPU.ActiveCfg = Release|Any CPU
		{C7CEED9B-0C95-410A-BD87-4D47FE4EEE6E}.Release|Any CPU.Build.0 = Release|Any CPU
	EndGlobalSection
	GlobalSection(SolutionProperties) = preSolution
		HideSolutionNode = FALSE
	EndGlobalSection
	GlobalSection(ExtensibilityGlobals) = postSolution
		SolutionGuid = {DC06ACA8-90F8-434B-99B9-6800902A8766}
	EndGlobalSection
EndGlobal
