
Microsoft Visual Studio Solution File, Format Version 12.00
# Visual Studio Version 17
VisualStudioVersion = 17.5.33414.496
MinimumVisualStudioVersion = 10.0.40219.1
Project("{FAE04EC0-301F-11D3-BF4B-00C04F79EFBC}") = "CitaviAddonTest", "CitaviAddonTest.csproj", "{61CDBD8B-D77D-4B41-A46F-56972358AE88}"
EndProject
Global
	GlobalSection(SolutionConfigurationPlatforms) = preSolution
		Debug|Any CPU = Debug|Any CPU
		Release|Any CPU = Release|Any CPU
	EndGlobalSection
	GlobalSection(ProjectConfigurationPlatforms) = postSolution
		{61CDBD8B-D77D-4B41-A46F-56972358AE88}.Debug|Any CPU.ActiveCfg = Debug|Any CPU
		{61CDBD8B-D77D-4B41-A46F-56972358AE88}.Debug|Any CPU.Build.0 = Debug|Any CPU
		{61CDBD8B-D77D-4B41-A46F-56972358AE88}.Release|Any CPU.ActiveCfg = Release|Any CPU
		{61CDBD8B-D77D-4B41-A46F-56972358AE88}.Release|Any CPU.Build.0 = Release|Any CPU
	EndGlobalSection
	GlobalSection(SolutionProperties) = preSolution
		HideSolutionNode = FALSE
	EndGlobalSection
	GlobalSection(ExtensibilityGlobals) = postSolution
		SolutionGuid = {DA5BC415-F7F2-417D-8780-2C2966CABEF5}
	EndGlobalSection
EndGlobal
