
Microsoft Visual Studio Solution File, Format Version 12.00
# Visual Studio Version 17
VisualStudioVersion = 17.5.33414.496
MinimumVisualStudioVersion = 10.0.40219.1
Project("{FAE04EC0-301F-11D3-BF4B-00C04F79EFBC}") = "SearchInActiveGroup", "SearchInActiveGroup.csproj", "{C63A8144-EA04-47A4-97C5-02C1B530DE9A}"
EndProject
Global
	GlobalSection(SolutionConfigurationPlatforms) = preSolution
		Debug|Any CPU = Debug|Any CPU
		Release|Any CPU = Release|Any CPU
	EndGlobalSection
	GlobalSection(ProjectConfigurationPlatforms) = postSolution
		{C63A8144-EA04-47A4-97C5-02C1B530DE9A}.Debug|Any CPU.ActiveCfg = Debug|Any CPU
		{C63A8144-EA04-47A4-97C5-02C1B530DE9A}.Debug|Any CPU.Build.0 = Debug|Any CPU
		{C63A8144-EA04-47A4-97C5-02C1B530DE9A}.Release|Any CPU.ActiveCfg = Release|Any CPU
		{C63A8144-EA04-47A4-97C5-02C1B530DE9A}.Release|Any CPU.Build.0 = Release|Any CPU
	EndGlobalSection
	GlobalSection(SolutionProperties) = preSolution
		HideSolutionNode = FALSE
	EndGlobalSection
	GlobalSection(ExtensibilityGlobals) = postSolution
		SolutionGuid = {159F6EA3-33A1-461C-897B-EAEDADF70B1B}
	EndGlobalSection
EndGlobal
