
Microsoft Visual Studio Solution File, Format Version 11.00
# Visual Studio 2010
Project("{FAE04EC0-301F-11D3-BF4B-00C04F79EFBC}") = "DoiPdfAddon", "DoiPdfAddon.csproj", "{1A7E0E34-CF94-4352-A445-F50CE6F8C26A}"
EndProject
Global
	GlobalSection(SolutionConfigurationPlatforms) = preSolution
		Debug|Any CPU = Debug|Any CPU
		Release|Any CPU = Release|Any CPU
	EndGlobalSection
	GlobalSection(ProjectConfigurationPlatforms) = postSolution
		{1A7E0E34-CF94-4352-A445-F50CE6F8C26A}.Debug|Any CPU.ActiveCfg = Debug|Any CPU
		{1A7E0E34-CF94-4352-A445-F50CE6F8C26A}.Debug|Any CPU.Build.0 = Debug|Any CPU
		{1A7E0E34-CF94-4352-A445-F50CE6F8C26A}.Release|Any CPU.ActiveCfg = Release|Any CPU
		{1A7E0E34-CF94-4352-A445-F50CE6F8C26A}.Release|Any CPU.Build.0 = Release|Any CPU
	EndGlobalSection
	GlobalSection(SolutionProperties) = preSolution
		HideSolutionNode = FALSE
	EndGlobalSection
EndGlobal
